{
  "name": "huhu-torrent",
  "version": "1.0.0",
  "lockfileVersion": 1,
  "requires": true,
  "dependencies": {
    "bencode": {
      "version": "1.0.0",
      "resolved": "http://r.cnpmjs.org/bencode/download/bencode-1.0.0.tgz",
      "integrity": "sha1-C4OuqIWzVHtXmtoMal53Of5NBz4=",
      "requires": {
        "safe-buffer": "5.1.1"
      }
    },
    "int64-buffer": {
      "version": "0.1.10",
      "resolved": "http://r.cnpmjs.org/int64-buffer/download/int64-buffer-0.1.10.tgz",
      "integrity": "sha1-J3siiofZWtd30HwTgyAiQGpHNCM="
    },
    "safe-buffer": {
      "version": "5.1.1",
      "resolved": "http://r.cnpmjs.org/safe-buffer/download/safe-buffer-5.1.1.tgz",
      "integrity": "sha1-iTMSr2myEj3vcfV4iQAWce6yyFM="
    }
  }
}
